
Microsoft Visual Studio Solution File, Format Version 12.00
# Visual Studio Version 16
VisualStudioVersion = 16.0.31911.196
MinimumVisualStudioVersion = 10.0.40219.1
Project("{FAE04EC0-301F-11D3-BF4B-00C04F79EFBC}") = "Lab.11", "Lab.11\Lab.11.csproj", "{FEE6EC31-E099-461E-8BBD-834E27E51F29}"
EndProject
Global
	GlobalSection(SolutionConfigurationPlatforms) = preSolution
		Debug|Any CPU = Debug|Any CPU
		Release|Any CPU = Release|Any CPU
	EndGlobalSection
	GlobalSection(ProjectConfigurationPlatforms) = postSolution
		{FEE6EC31-E099-461E-8BBD-834E27E51F29}.Debug|Any CPU.ActiveCfg = Debug|Any CPU
		{FEE6EC31-E099-461E-8BBD-834E27E51F29}.Debug|Any CPU.Build.0 = Debug|Any CPU
		{FEE6EC31-E099-461E-8BBD-834E27E51F29}.Release|Any CPU.ActiveCfg = Release|Any CPU
		{FEE6EC31-E099-461E-8BBD-834E27E51F29}.Release|Any CPU.Build.0 = Release|Any CPU
	EndGlobalSection
	GlobalSection(SolutionProperties) = preSolution
		HideSolutionNode = FALSE
	EndGlobalSection
	GlobalSection(ExtensibilityGlobals) = postSolution
		SolutionGuid = {237F011D-A6E5-4AE1-A663-A15810B3F017}
	EndGlobalSection
EndGlobal
